
Microsoft Visual Studio Solution File, Format Version 12.00
# Visual Studio Version 17
VisualStudioVersion = 17.9.34728.123
MinimumVisualStudioVersion = 10.0.40219.1
Project("{9A19103F-16F7-4668-BE54-9A1E7A4F7556}") = "AssignmentPRN1", "AssignmentPRN1.csproj", "{08EA59C8-66B7-4F52-9CCE-D71057487764}"
EndProject
Global
	GlobalSection(SolutionConfigurationPlatforms) = preSolution
		Debug|Any CPU = Debug|Any CPU
		Release|Any CPU = Release|Any CPU
	EndGlobalSection
	GlobalSection(ProjectConfigurationPlatforms) = postSolution
		{08EA59C8-66B7-4F52-9CCE-D71057487764}.Debug|Any CPU.ActiveCfg = Debug|Any CPU
		{08EA59C8-66B7-4F52-9CCE-D71057487764}.Debug|Any CPU.Build.0 = Debug|Any CPU
		{08EA59C8-66B7-4F52-9CCE-D71057487764}.Release|Any CPU.ActiveCfg = Release|Any CPU
		{08EA59C8-66B7-4F52-9CCE-D71057487764}.Release|Any CPU.Build.0 = Release|Any CPU
	EndGlobalSection
	GlobalSection(SolutionProperties) = preSolution
		HideSolutionNode = FALSE
	EndGlobalSection
	GlobalSection(ExtensibilityGlobals) = postSolution
		SolutionGuid = {2B530515-A7A2-4D1D-B6EE-1036A9EE7A8B}
	EndGlobalSection
EndGlobal
